<?xml version="1.0" encoding="utf-8"?>
<Project ToolsVersion="17.0" xmlns="http://schemas.microsoft.com/developer/msbuild/2003">
  <ItemGroup>
    <ClCompile Include="C:\Users\airhood\source\repos\CubicEngine\CubicEngine\Dependencies\fmt\test\compile-fp-test.cc">
      <Filter>Source Files</Filter>
    </ClCompile>
  </ItemGroup>
  <ItemGroup>
    <CustomBuild Include="C:\Users\airhood\source\repos\CubicEngine\CubicEngine\Dependencies\fmt\test\CMakeLists.txt" />
  </ItemGroup>
  <ItemGroup>
    <Filter Include="Source Files">
      <UniqueIdentifier>{60D88654-9C63-3131-B5BD-47C52DF9CF58}</UniqueIdentifier>
    </Filter>
  </ItemGroup>
</Project>
