
Microsoft Visual Studio Solution File, Format Version 12.00
# Visual Studio Version 17
Project("{2150E333-8FDC-42A3-9474-1A3956D46DE8}") = "CMakePredefinedTargets", "CMakePredefinedTargets", "{B03950EA-BF2A-31F7-B3CD-9597F77519A1}"
EndProject
Project("{8BC9CEB8-8B4A-11D0-8D11-00A0C91BC942}") = "ALL_BUILD", "ALL_BUILD.vcxproj", "{6A97AE66-E53B-3D67-B127-9F0AF17D9CAF}"
	ProjectSection(ProjectDependencies) = postProject
		{B12D7B58-E372-376C-BE96-97EBCA8CEE69} = {B12D7B58-E372-376C-BE96-97EBCA8CEE69}
		{2184A2E2-E620-35FB-81A2-2140D8B3B1F9} = {2184A2E2-E620-35FB-81A2-2140D8B3B1F9}
		{8983260C-0D3A-38F2-8F37-4414229DF854} = {8983260C-0D3A-38F2-8F37-4414229DF854}
		{7026500B-B30A-35B0-BF5F-AFFC355379D0} = {7026500B-B30A-35B0-BF5F-AFFC355379D0}
		{7A8F46F8-C035-310D-B4D5-0434ED62CF82} = {7A8F46F8-C035-310D-B4D5-0434ED62CF82}
		{228C3EE6-CF8C-342A-928D-65015AF03939} = {228C3EE6-CF8C-342A-928D-65015AF03939}
		{65493E81-CFA4-3AB1-8A14-09298A07A0D2} = {65493E81-CFA4-3AB1-8A14-09298A07A0D2}
		{DBFC6758-6602-3998-B68F-AD9D475F0EED} = {DBFC6758-6602-3998-B68F-AD9D475F0EED}
		{BAAED10E-D9E1-31F1-98D3-6C55ED156C54} = {BAAED10E-D9E1-31F1-98D3-6C55ED156C54}
		{6E76BCCF-7942-3A1A-9B72-FD74801EFAEB} = {6E76BCCF-7942-3A1A-9B72-FD74801EFAEB}
		{87417AE4-8AFA-34CF-95EB-EE462B023A50} = {87417AE4-8AFA-34CF-95EB-EE462B023A50}
		{13A9D64A-FF27-3D35-80B1-9FA5D890EBF4} = {13A9D64A-FF27-3D35-80B1-9FA5D890EBF4}
		{1CE8950F-B0F1-3255-AC5B-14945FE74133} = {1CE8950F-B0F1-3255-AC5B-14945FE74133}
		{CFE3E25B-3C04-358F-903E-8E0EDF1636FE} = {CFE3E25B-3C04-358F-903E-8E0EDF1636FE}
		{190C60CA-40AE-3C06-BEEE-F2EFC477A739} = {190C60CA-40AE-3C06-BEEE-F2EFC477A739}
		{F6D2B5D4-C0D7-3C1C-8011-3AA8BECA0F51} = {F6D2B5D4-C0D7-3C1C-8011-3AA8BECA0F51}
		{53A989A1-CAF8-33E9-9CD6-1A5BEDBA9A13} = {53A989A1-CAF8-33E9-9CD6-1A5BEDBA9A13}
		{3181E655-87D2-3E80-A241-56CB171A1EAC} = {3181E655-87D2-3E80-A241-56CB171A1EAC}
		{FF98DBFB-B7FA-3971-BE76-A3C82C18F322} = {FF98DBFB-B7FA-3971-BE76-A3C82C18F322}
		{97C66F2B-979F-3AE6-8C6F-4A123576D009} = {97C66F2B-979F-3AE6-8C6F-4A123576D009}
		{AF7FB54F-CFA2-3B1B-AFD6-FEC70DC3E6B1} = {AF7FB54F-CFA2-3B1B-AFD6-FEC70DC3E6B1}
		{A934D9CE-580B-301D-8E10-0D85B5E0E5D6} = {A934D9CE-580B-301D-8E10-0D85B5E0E5D6}
		{8535AC52-F1DE-3621-BC25-5B07B5519664} = {8535AC52-F1DE-3621-BC25-5B07B5519664}
		{BED308C3-85B3-3DA6-A1BC-65B05B430ED5} = {BED308C3-85B3-3DA6-A1BC-65B05B430ED5}
		{EE56A582-C315-3E5D-9389-764AC25F715E} = {EE56A582-C315-3E5D-9389-764AC25F715E}
		{C17CA527-6762-3D9D-ABD2-848232FD8431} = {C17CA527-6762-3D9D-ABD2-848232FD8431}
	EndProjectSection
EndProject
Project("{8BC9CEB8-8B4A-11D0-8D11-00A0C91BC942}") = "INSTALL", "INSTALL.vcxproj", "{6AF6E0AE-10D2-3366-82CA-29A06358A7AE}"
	ProjectSection(ProjectDependencies) = postProject
		{6A97AE66-E53B-3D67-B127-9F0AF17D9CAF} = {6A97AE66-E53B-3D67-B127-9F0AF17D9CAF}
		{B12D7B58-E372-376C-BE96-97EBCA8CEE69} = {B12D7B58-E372-376C-BE96-97EBCA8CEE69}
	EndProjectSection
EndProject
Project("{8BC9CEB8-8B4A-11D0-8D11-00A0C91BC942}") = "PACKAGE", "PACKAGE.vcxproj", "{0BDDE0D8-F3D9-3E9B-8635-15647FF92A48}"
	ProjectSection(ProjectDependencies) = postProject
		{6A97AE66-E53B-3D67-B127-9F0AF17D9CAF} = {6A97AE66-E53B-3D67-B127-9F0AF17D9CAF}
		{B12D7B58-E372-376C-BE96-97EBCA8CEE69} = {B12D7B58-E372-376C-BE96-97EBCA8CEE69}
	EndProjectSection
EndProject
Project("{8BC9CEB8-8B4A-11D0-8D11-00A0C91BC942}") = "RUN_TESTS", "RUN_TESTS.vcxproj", "{1243194B-D20B-3FFC-8D22-84D2BFA3D60D}"
	ProjectSection(ProjectDependencies) = postProject
		{B12D7B58-E372-376C-BE96-97EBCA8CEE69} = {B12D7B58-E372-376C-BE96-97EBCA8CEE69}
	EndProjectSection
EndProject
Project("{8BC9CEB8-8B4A-11D0-8D11-00A0C91BC942}") = "ZERO_CHECK", "ZERO_CHECK.vcxproj", "{B12D7B58-E372-376C-BE96-97EBCA8CEE69}"
	ProjectSection(ProjectDependencies) = postProject
	EndProjectSection
EndProject
Project("{8BC9CEB8-8B4A-11D0-8D11-00A0C91BC942}") = "args-test", "test\args-test.vcxproj", "{2184A2E2-E620-35FB-81A2-2140D8B3B1F9}"
	ProjectSection(ProjectDependencies) = postProject
		{B12D7B58-E372-376C-BE96-97EBCA8CEE69} = {B12D7B58-E372-376C-BE96-97EBCA8CEE69}
		{6E76BCCF-7942-3A1A-9B72-FD74801EFAEB} = {6E76BCCF-7942-3A1A-9B72-FD74801EFAEB}
		{1CE8950F-B0F1-3255-AC5B-14945FE74133} = {1CE8950F-B0F1-3255-AC5B-14945FE74133}
		{BED308C3-85B3-3DA6-A1BC-65B05B430ED5} = {BED308C3-85B3-3DA6-A1BC-65B05B430ED5}
	EndProjectSection
EndProject
Project("{8BC9CEB8-8B4A-11D0-8D11-00A0C91BC942}") = "assert-test", "test\assert-test.vcxproj", "{8983260C-0D3A-38F2-8F37-4414229DF854}"
	ProjectSection(ProjectDependencies) = postProject
		{B12D7B58-E372-376C-BE96-97EBCA8CEE69} = {B12D7B58-E372-376C-BE96-97EBCA8CEE69}
		{6E76BCCF-7942-3A1A-9B72-FD74801EFAEB} = {6E76BCCF-7942-3A1A-9B72-FD74801EFAEB}
		{1CE8950F-B0F1-3255-AC5B-14945FE74133} = {1CE8950F-B0F1-3255-AC5B-14945FE74133}
		{BED308C3-85B3-3DA6-A1BC-65B05B430ED5} = {BED308C3-85B3-3DA6-A1BC-65B05B430ED5}
	EndProjectSection
EndProject
Project("{8BC9CEB8-8B4A-11D0-8D11-00A0C91BC942}") = "base-test", "test\base-test.vcxproj", "{7026500B-B30A-35B0-BF5F-AFFC355379D0}"
	ProjectSection(ProjectDependencies) = postProject
		{B12D7B58-E372-376C-BE96-97EBCA8CEE69} = {B12D7B58-E372-376C-BE96-97EBCA8CEE69}
		{6E76BCCF-7942-3A1A-9B72-FD74801EFAEB} = {6E76BCCF-7942-3A1A-9B72-FD74801EFAEB}
		{1CE8950F-B0F1-3255-AC5B-14945FE74133} = {1CE8950F-B0F1-3255-AC5B-14945FE74133}
		{BED308C3-85B3-3DA6-A1BC-65B05B430ED5} = {BED308C3-85B3-3DA6-A1BC-65B05B430ED5}
	EndProjectSection
EndProject
Project("{8BC9CEB8-8B4A-11D0-8D11-00A0C91BC942}") = "chrono-test", "test\chrono-test.vcxproj", "{7A8F46F8-C035-310D-B4D5-0434ED62CF82}"
	ProjectSection(ProjectDependencies) = postProject
		{B12D7B58-E372-376C-BE96-97EBCA8CEE69} = {B12D7B58-E372-376C-BE96-97EBCA8CEE69}
		{6E76BCCF-7942-3A1A-9B72-FD74801EFAEB} = {6E76BCCF-7942-3A1A-9B72-FD74801EFAEB}
		{1CE8950F-B0F1-3255-AC5B-14945FE74133} = {1CE8950F-B0F1-3255-AC5B-14945FE74133}
		{BED308C3-85B3-3DA6-A1BC-65B05B430ED5} = {BED308C3-85B3-3DA6-A1BC-65B05B430ED5}
	EndProjectSection
EndProject
Project("{8BC9CEB8-8B4A-11D0-8D11-00A0C91BC942}") = "color-test", "test\color-test.vcxproj", "{228C3EE6-CF8C-342A-928D-65015AF03939}"
	ProjectSection(ProjectDependencies) = postProject
		{B12D7B58-E372-376C-BE96-97EBCA8CEE69} = {B12D7B58-E372-376C-BE96-97EBCA8CEE69}
		{6E76BCCF-7942-3A1A-9B72-FD74801EFAEB} = {6E76BCCF-7942-3A1A-9B72-FD74801EFAEB}
		{1CE8950F-B0F1-3255-AC5B-14945FE74133} = {1CE8950F-B0F1-3255-AC5B-14945FE74133}
		{BED308C3-85B3-3DA6-A1BC-65B05B430ED5} = {BED308C3-85B3-3DA6-A1BC-65B05B430ED5}
	EndProjectSection
EndProject
Project("{8BC9CEB8-8B4A-11D0-8D11-00A0C91BC942}") = "compile-fp-test", "test\compile-fp-test.vcxproj", "{65493E81-CFA4-3AB1-8A14-09298A07A0D2}"
	ProjectSection(ProjectDependencies) = postProject
		{B12D7B58-E372-376C-BE96-97EBCA8CEE69} = {B12D7B58-E372-376C-BE96-97EBCA8CEE69}
		{6E76BCCF-7942-3A1A-9B72-FD74801EFAEB} = {6E76BCCF-7942-3A1A-9B72-FD74801EFAEB}
		{1CE8950F-B0F1-3255-AC5B-14945FE74133} = {1CE8950F-B0F1-3255-AC5B-14945FE74133}
		{BED308C3-85B3-3DA6-A1BC-65B05B430ED5} = {BED308C3-85B3-3DA6-A1BC-65B05B430ED5}
	EndProjectSection
EndProject
Project("{8BC9CEB8-8B4A-11D0-8D11-00A0C91BC942}") = "compile-test", "test\compile-test.vcxproj", "{DBFC6758-6602-3998-B68F-AD9D475F0EED}"
	ProjectSection(ProjectDependencies) = postProject
		{B12D7B58-E372-376C-BE96-97EBCA8CEE69} = {B12D7B58-E372-376C-BE96-97EBCA8CEE69}
		{6E76BCCF-7942-3A1A-9B72-FD74801EFAEB} = {6E76BCCF-7942-3A1A-9B72-FD74801EFAEB}
		{1CE8950F-B0F1-3255-AC5B-14945FE74133} = {1CE8950F-B0F1-3255-AC5B-14945FE74133}
		{BED308C3-85B3-3DA6-A1BC-65B05B430ED5} = {BED308C3-85B3-3DA6-A1BC-65B05B430ED5}
	EndProjectSection
EndProject
Project("{8BC9CEB8-8B4A-11D0-8D11-00A0C91BC942}") = "enforce-checks-test", "test\enforce-checks-test.vcxproj", "{BAAED10E-D9E1-31F1-98D3-6C55ED156C54}"
	ProjectSection(ProjectDependencies) = postProject
		{B12D7B58-E372-376C-BE96-97EBCA8CEE69} = {B12D7B58-E372-376C-BE96-97EBCA8CEE69}
		{6E76BCCF-7942-3A1A-9B72-FD74801EFAEB} = {6E76BCCF-7942-3A1A-9B72-FD74801EFAEB}
		{1CE8950F-B0F1-3255-AC5B-14945FE74133} = {1CE8950F-B0F1-3255-AC5B-14945FE74133}
		{BED308C3-85B3-3DA6-A1BC-65B05B430ED5} = {BED308C3-85B3-3DA6-A1BC-65B05B430ED5}
	EndProjectSection
EndProject
Project("{8BC9CEB8-8B4A-11D0-8D11-00A0C91BC942}") = "fmt", "fmt.vcxproj", "{6E76BCCF-7942-3A1A-9B72-FD74801EFAEB}"
	ProjectSection(ProjectDependencies) = postProject
		{B12D7B58-E372-376C-BE96-97EBCA8CEE69} = {B12D7B58-E372-376C-BE96-97EBCA8CEE69}
	EndProjectSection
EndProject
Project("{8BC9CEB8-8B4A-11D0-8D11-00A0C91BC942}") = "format-impl-test", "test\format-impl-test.vcxproj", "{87417AE4-8AFA-34CF-95EB-EE462B023A50}"
	ProjectSection(ProjectDependencies) = postProject
		{B12D7B58-E372-376C-BE96-97EBCA8CEE69} = {B12D7B58-E372-376C-BE96-97EBCA8CEE69}
		{1CE8950F-B0F1-3255-AC5B-14945FE74133} = {1CE8950F-B0F1-3255-AC5B-14945FE74133}
	EndProjectSection
EndProject
Project("{8BC9CEB8-8B4A-11D0-8D11-00A0C91BC942}") = "format-test", "test\format-test.vcxproj", "{13A9D64A-FF27-3D35-80B1-9FA5D890EBF4}"
	ProjectSection(ProjectDependencies) = postProject
		{B12D7B58-E372-376C-BE96-97EBCA8CEE69} = {B12D7B58-E372-376C-BE96-97EBCA8CEE69}
		{6E76BCCF-7942-3A1A-9B72-FD74801EFAEB} = {6E76BCCF-7942-3A1A-9B72-FD74801EFAEB}
		{1CE8950F-B0F1-3255-AC5B-14945FE74133} = {1CE8950F-B0F1-3255-AC5B-14945FE74133}
		{BED308C3-85B3-3DA6-A1BC-65B05B430ED5} = {BED308C3-85B3-3DA6-A1BC-65B05B430ED5}
	EndProjectSection
EndProject
Project("{8BC9CEB8-8B4A-11D0-8D11-00A0C91BC942}") = "gtest", "test\gtest\gtest.vcxproj", "{1CE8950F-B0F1-3255-AC5B-14945FE74133}"
	ProjectSection(ProjectDependencies) = postProject
		{B12D7B58-E372-376C-BE96-97EBCA8CEE69} = {B12D7B58-E372-376C-BE96-97EBCA8CEE69}
	EndProjectSection
EndProject
Project("{8BC9CEB8-8B4A-11D0-8D11-00A0C91BC942}") = "gtest-extra-test", "test\gtest-extra-test.vcxproj", "{CFE3E25B-3C04-358F-903E-8E0EDF1636FE}"
	ProjectSection(ProjectDependencies) = postProject
		{B12D7B58-E372-376C-BE96-97EBCA8CEE69} = {B12D7B58-E372-376C-BE96-97EBCA8CEE69}
		{6E76BCCF-7942-3A1A-9B72-FD74801EFAEB} = {6E76BCCF-7942-3A1A-9B72-FD74801EFAEB}
		{1CE8950F-B0F1-3255-AC5B-14945FE74133} = {1CE8950F-B0F1-3255-AC5B-14945FE74133}
		{BED308C3-85B3-3DA6-A1BC-65B05B430ED5} = {BED308C3-85B3-3DA6-A1BC-65B05B430ED5}
	EndProjectSection
EndProject
Project("{8BC9CEB8-8B4A-11D0-8D11-00A0C91BC942}") = "no-builtin-types-test", "test\no-builtin-types-test.vcxproj", "{190C60CA-40AE-3C06-BEEE-F2EFC477A739}"
	ProjectSection(ProjectDependencies) = postProject
		{B12D7B58-E372-376C-BE96-97EBCA8CEE69} = {B12D7B58-E372-376C-BE96-97EBCA8CEE69}
		{1CE8950F-B0F1-3255-AC5B-14945FE74133} = {1CE8950F-B0F1-3255-AC5B-14945FE74133}
	EndProjectSection
EndProject
Project("{8BC9CEB8-8B4A-11D0-8D11-00A0C91BC942}") = "os-test", "test\os-test.vcxproj", "{F6D2B5D4-C0D7-3C1C-8011-3AA8BECA0F51}"
	ProjectSection(ProjectDependencies) = postProject
		{B12D7B58-E372-376C-BE96-97EBCA8CEE69} = {B12D7B58-E372-376C-BE96-97EBCA8CEE69}
		{6E76BCCF-7942-3A1A-9B72-FD74801EFAEB} = {6E76BCCF-7942-3A1A-9B72-FD74801EFAEB}
		{1CE8950F-B0F1-3255-AC5B-14945FE74133} = {1CE8950F-B0F1-3255-AC5B-14945FE74133}
		{BED308C3-85B3-3DA6-A1BC-65B05B430ED5} = {BED308C3-85B3-3DA6-A1BC-65B05B430ED5}
	EndProjectSection
EndProject
Project("{8BC9CEB8-8B4A-11D0-8D11-00A0C91BC942}") = "ostream-test", "test\ostream-test.vcxproj", "{53A989A1-CAF8-33E9-9CD6-1A5BEDBA9A13}"
	ProjectSection(ProjectDependencies) = postProject
		{B12D7B58-E372-376C-BE96-97EBCA8CEE69} = {B12D7B58-E372-376C-BE96-97EBCA8CEE69}
		{6E76BCCF-7942-3A1A-9B72-FD74801EFAEB} = {6E76BCCF-7942-3A1A-9B72-FD74801EFAEB}
		{1CE8950F-B0F1-3255-AC5B-14945FE74133} = {1CE8950F-B0F1-3255-AC5B-14945FE74133}
		{BED308C3-85B3-3DA6-A1BC-65B05B430ED5} = {BED308C3-85B3-3DA6-A1BC-65B05B430ED5}
	EndProjectSection
EndProject
Project("{8BC9CEB8-8B4A-11D0-8D11-00A0C91BC942}") = "perf-sanity", "test\perf-sanity.vcxproj", "{3181E655-87D2-3E80-A241-56CB171A1EAC}"
	ProjectSection(ProjectDependencies) = postProject
		{B12D7B58-E372-376C-BE96-97EBCA8CEE69} = {B12D7B58-E372-376C-BE96-97EBCA8CEE69}
		{6E76BCCF-7942-3A1A-9B72-FD74801EFAEB} = {6E76BCCF-7942-3A1A-9B72-FD74801EFAEB}
	EndProjectSection
EndProject
Project("{8BC9CEB8-8B4A-11D0-8D11-00A0C91BC942}") = "posix-mock-test", "test\posix-mock-test.vcxproj", "{FF98DBFB-B7FA-3971-BE76-A3C82C18F322}"
	ProjectSection(ProjectDependencies) = postProject
		{B12D7B58-E372-376C-BE96-97EBCA8CEE69} = {B12D7B58-E372-376C-BE96-97EBCA8CEE69}
		{1CE8950F-B0F1-3255-AC5B-14945FE74133} = {1CE8950F-B0F1-3255-AC5B-14945FE74133}
	EndProjectSection
EndProject
Project("{8BC9CEB8-8B4A-11D0-8D11-00A0C91BC942}") = "printf-test", "test\printf-test.vcxproj", "{97C66F2B-979F-3AE6-8C6F-4A123576D009}"
	ProjectSection(ProjectDependencies) = postProject
		{B12D7B58-E372-376C-BE96-97EBCA8CEE69} = {B12D7B58-E372-376C-BE96-97EBCA8CEE69}
		{6E76BCCF-7942-3A1A-9B72-FD74801EFAEB} = {6E76BCCF-7942-3A1A-9B72-FD74801EFAEB}
		{1CE8950F-B0F1-3255-AC5B-14945FE74133} = {1CE8950F-B0F1-3255-AC5B-14945FE74133}
		{BED308C3-85B3-3DA6-A1BC-65B05B430ED5} = {BED308C3-85B3-3DA6-A1BC-65B05B430ED5}
	EndProjectSection
EndProject
Project("{8BC9CEB8-8B4A-11D0-8D11-00A0C91BC942}") = "ranges-test", "test\ranges-test.vcxproj", "{AF7FB54F-CFA2-3B1B-AFD6-FEC70DC3E6B1}"
	ProjectSection(ProjectDependencies) = postProject
		{B12D7B58-E372-376C-BE96-97EBCA8CEE69} = {B12D7B58-E372-376C-BE96-97EBCA8CEE69}
		{6E76BCCF-7942-3A1A-9B72-FD74801EFAEB} = {6E76BCCF-7942-3A1A-9B72-FD74801EFAEB}
		{1CE8950F-B0F1-3255-AC5B-14945FE74133} = {1CE8950F-B0F1-3255-AC5B-14945FE74133}
		{BED308C3-85B3-3DA6-A1BC-65B05B430ED5} = {BED308C3-85B3-3DA6-A1BC-65B05B430ED5}
	EndProjectSection
EndProject
Project("{8BC9CEB8-8B4A-11D0-8D11-00A0C91BC942}") = "scan-test", "test\scan-test.vcxproj", "{A934D9CE-580B-301D-8E10-0D85B5E0E5D6}"
	ProjectSection(ProjectDependencies) = postProject
		{B12D7B58-E372-376C-BE96-97EBCA8CEE69} = {B12D7B58-E372-376C-BE96-97EBCA8CEE69}
		{1CE8950F-B0F1-3255-AC5B-14945FE74133} = {1CE8950F-B0F1-3255-AC5B-14945FE74133}
	EndProjectSection
EndProject
Project("{8BC9CEB8-8B4A-11D0-8D11-00A0C91BC942}") = "std-test", "test\std-test.vcxproj", "{8535AC52-F1DE-3621-BC25-5B07B5519664}"
	ProjectSection(ProjectDependencies) = postProject
		{B12D7B58-E372-376C-BE96-97EBCA8CEE69} = {B12D7B58-E372-376C-BE96-97EBCA8CEE69}
		{6E76BCCF-7942-3A1A-9B72-FD74801EFAEB} = {6E76BCCF-7942-3A1A-9B72-FD74801EFAEB}
		{1CE8950F-B0F1-3255-AC5B-14945FE74133} = {1CE8950F-B0F1-3255-AC5B-14945FE74133}
		{BED308C3-85B3-3DA6-A1BC-65B05B430ED5} = {BED308C3-85B3-3DA6-A1BC-65B05B430ED5}
	EndProjectSection
EndProject
Project("{8BC9CEB8-8B4A-11D0-8D11-00A0C91BC942}") = "test-main", "test\test-main.vcxproj", "{BED308C3-85B3-3DA6-A1BC-65B05B430ED5}"
	ProjectSection(ProjectDependencies) = postProject
		{B12D7B58-E372-376C-BE96-97EBCA8CEE69} = {B12D7B58-E372-376C-BE96-97EBCA8CEE69}
		{6E76BCCF-7942-3A1A-9B72-FD74801EFAEB} = {6E76BCCF-7942-3A1A-9B72-FD74801EFAEB}
		{1CE8950F-B0F1-3255-AC5B-14945FE74133} = {1CE8950F-B0F1-3255-AC5B-14945FE74133}
	EndProjectSection
EndProject
Project("{8BC9CEB8-8B4A-11D0-8D11-00A0C91BC942}") = "unicode-test", "test\unicode-test.vcxproj", "{EE56A582-C315-3E5D-9389-764AC25F715E}"
	ProjectSection(ProjectDependencies) = postProject
		{B12D7B58-E372-376C-BE96-97EBCA8CEE69} = {B12D7B58-E372-376C-BE96-97EBCA8CEE69}
		{1CE8950F-B0F1-3255-AC5B-14945FE74133} = {1CE8950F-B0F1-3255-AC5B-14945FE74133}
	EndProjectSection
EndProject
Project("{8BC9CEB8-8B4A-11D0-8D11-00A0C91BC942}") = "xchar-test", "test\xchar-test.vcxproj", "{C17CA527-6762-3D9D-ABD2-848232FD8431}"
	ProjectSection(ProjectDependencies) = postProject
		{B12D7B58-E372-376C-BE96-97EBCA8CEE69} = {B12D7B58-E372-376C-BE96-97EBCA8CEE69}
		{6E76BCCF-7942-3A1A-9B72-FD74801EFAEB} = {6E76BCCF-7942-3A1A-9B72-FD74801EFAEB}
		{1CE8950F-B0F1-3255-AC5B-14945FE74133} = {1CE8950F-B0F1-3255-AC5B-14945FE74133}
		{BED308C3-85B3-3DA6-A1BC-65B05B430ED5} = {BED308C3-85B3-3DA6-A1BC-65B05B430ED5}
	EndProjectSection
EndProject
Global
	GlobalSection(SolutionConfigurationPlatforms) = preSolution
		Debug|x64 = Debug|x64
		Release|x64 = Release|x64
		MinSizeRel|x64 = MinSizeRel|x64
		RelWithDebInfo|x64 = RelWithDebInfo|x64
	EndGlobalSection
	GlobalSection(ProjectConfigurationPlatforms) = postSolution
		{6A97AE66-E53B-3D67-B127-9F0AF17D9CAF}.Debug|x64.ActiveCfg = Debug|x64
		{6A97AE66-E53B-3D67-B127-9F0AF17D9CAF}.Debug|x64.Build.0 = Debug|x64
		{6A97AE66-E53B-3D67-B127-9F0AF17D9CAF}.Release|x64.ActiveCfg = Release|x64
		{6A97AE66-E53B-3D67-B127-9F0AF17D9CAF}.Release|x64.Build.0 = Release|x64
		{6A97AE66-E53B-3D67-B127-9F0AF17D9CAF}.MinSizeRel|x64.ActiveCfg = MinSizeRel|x64
		{6A97AE66-E53B-3D67-B127-9F0AF17D9CAF}.MinSizeRel|x64.Build.0 = MinSizeRel|x64
		{6A97AE66-E53B-3D67-B127-9F0AF17D9CAF}.RelWithDebInfo|x64.ActiveCfg = RelWithDebInfo|x64
		{6A97AE66-E53B-3D67-B127-9F0AF17D9CAF}.RelWithDebInfo|x64.Build.0 = RelWithDebInfo|x64
		{6AF6E0AE-10D2-3366-82CA-29A06358A7AE}.Debug|x64.ActiveCfg = Debug|x64
		{6AF6E0AE-10D2-3366-82CA-29A06358A7AE}.Release|x64.ActiveCfg = Release|x64
		{6AF6E0AE-10D2-3366-82CA-29A06358A7AE}.MinSizeRel|x64.ActiveCfg = MinSizeRel|x64
		{6AF6E0AE-10D2-3366-82CA-29A06358A7AE}.RelWithDebInfo|x64.ActiveCfg = RelWithDebInfo|x64
		{0BDDE0D8-F3D9-3E9B-8635-15647FF92A48}.Debug|x64.ActiveCfg = Debug|x64
		{0BDDE0D8-F3D9-3E9B-8635-15647FF92A48}.Release|x64.ActiveCfg = Release|x64
		{0BDDE0D8-F3D9-3E9B-8635-15647FF92A48}.MinSizeRel|x64.ActiveCfg = MinSizeRel|x64
		{0BDDE0D8-F3D9-3E9B-8635-15647FF92A48}.RelWithDebInfo|x64.ActiveCfg = RelWithDebInfo|x64
		{1243194B-D20B-3FFC-8D22-84D2BFA3D60D}.Debug|x64.ActiveCfg = Debug|x64
		{1243194B-D20B-3FFC-8D22-84D2BFA3D60D}.Release|x64.ActiveCfg = Release|x64
		{1243194B-D20B-3FFC-8D22-84D2BFA3D60D}.MinSizeRel|x64.ActiveCfg = MinSizeRel|x64
		{1243194B-D20B-3FFC-8D22-84D2BFA3D60D}.RelWithDebInfo|x64.ActiveCfg = RelWithDebInfo|x64
		{B12D7B58-E372-376C-BE96-97EBCA8CEE69}.Debug|x64.ActiveCfg = Debug|x64
		{B12D7B58-E372-376C-BE96-97EBCA8CEE69}.Debug|x64.Build.0 = Debug|x64
		{B12D7B58-E372-376C-BE96-97EBCA8CEE69}.Release|x64.ActiveCfg = Release|x64
		{B12D7B58-E372-376C-BE96-97EBCA8CEE69}.Release|x64.Build.0 = Release|x64
		{B12D7B58-E372-376C-BE96-97EBCA8CEE69}.MinSizeRel|x64.ActiveCfg = MinSizeRel|x64
		{B12D7B58-E372-376C-BE96-97EBCA8CEE69}.MinSizeRel|x64.Build.0 = MinSizeRel|x64
		{B12D7B58-E372-376C-BE96-97EBCA8CEE69}.RelWithDebInfo|x64.ActiveCfg = RelWithDebInfo|x64
		{B12D7B58-E372-376C-BE96-97EBCA8CEE69}.RelWithDebInfo|x64.Build.0 = RelWithDebInfo|x64
		{2184A2E2-E620-35FB-81A2-2140D8B3B1F9}.Debug|x64.ActiveCfg = Debug|x64
		{2184A2E2-E620-35FB-81A2-2140D8B3B1F9}.Debug|x64.Build.0 = Debug|x64
		{2184A2E2-E620-35FB-81A2-2140D8B3B1F9}.Release|x64.ActiveCfg = Release|x64
		{2184A2E2-E620-35FB-81A2-2140D8B3B1F9}.Release|x64.Build.0 = Release|x64
		{2184A2E2-E620-35FB-81A2-2140D8B3B1F9}.MinSizeRel|x64.ActiveCfg = MinSizeRel|x64
		{2184A2E2-E620-35FB-81A2-2140D8B3B1F9}.MinSizeRel|x64.Build.0 = MinSizeRel|x64
		{2184A2E2-E620-35FB-81A2-2140D8B3B1F9}.RelWithDebInfo|x64.ActiveCfg = RelWithDebInfo|x64
		{2184A2E2-E620-35FB-81A2-2140D8B3B1F9}.RelWithDebInfo|x64.Build.0 = RelWithDebInfo|x64
		{8983260C-0D3A-38F2-8F37-4414229DF854}.Debug|x64.ActiveCfg = Debug|x64
		{8983260C-0D3A-38F2-8F37-4414229DF854}.Debug|x64.Build.0 = Debug|x64
		{8983260C-0D3A-38F2-8F37-4414229DF854}.Release|x64.ActiveCfg = Release|x64
		{8983260C-0D3A-38F2-8F37-4414229DF854}.Release|x64.Build.0 = Release|x64
		{8983260C-0D3A-38F2-8F37-4414229DF854}.MinSizeRel|x64.ActiveCfg = MinSizeRel|x64
		{8983260C-0D3A-38F2-8F37-4414229DF854}.MinSizeRel|x64.Build.0 = MinSizeRel|x64
		{8983260C-0D3A-38F2-8F37-4414229DF854}.RelWithDebInfo|x64.ActiveCfg = RelWithDebInfo|x64
		{8983260C-0D3A-38F2-8F37-4414229DF854}.RelWithDebInfo|x64.Build.0 = RelWithDebInfo|x64
		{7026500B-B30A-35B0-BF5F-AFFC355379D0}.Debug|x64.ActiveCfg = Debug|x64
		{7026500B-B30A-35B0-BF5F-AFFC355379D0}.Debug|x64.Build.0 = Debug|x64
		{7026500B-B30A-35B0-BF5F-AFFC355379D0}.Release|x64.ActiveCfg = Release|x64
		{7026500B-B30A-35B0-BF5F-AFFC355379D0}.Release|x64.Build.0 = Release|x64
		{7026500B-B30A-35B0-BF5F-AFFC355379D0}.MinSizeRel|x64.ActiveCfg = MinSizeRel|x64
		{7026500B-B30A-35B0-BF5F-AFFC355379D0}.MinSizeRel|x64.Build.0 = MinSizeRel|x64
		{7026500B-B30A-35B0-BF5F-AFFC355379D0}.RelWithDebInfo|x64.ActiveCfg = RelWithDebInfo|x64
		{7026500B-B30A-35B0-BF5F-AFFC355379D0}.RelWithDebInfo|x64.Build.0 = RelWithDebInfo|x64
		{7A8F46F8-C035-310D-B4D5-0434ED62CF82}.Debug|x64.ActiveCfg = Debug|x64
		{7A8F46F8-C035-310D-B4D5-0434ED62CF82}.Debug|x64.Build.0 = Debug|x64
		{7A8F46F8-C035-310D-B4D5-0434ED62CF82}.Release|x64.ActiveCfg = Release|x64
		{7A8F46F8-C035-310D-B4D5-0434ED62CF82}.Release|x64.Build.0 = Release|x64
		{7A8F46F8-C035-310D-B4D5-0434ED62CF82}.MinSizeRel|x64.ActiveCfg = MinSizeRel|x64
		{7A8F46F8-C035-310D-B4D5-0434ED62CF82}.MinSizeRel|x64.Build.0 = MinSizeRel|x64
		{7A8F46F8-C035-310D-B4D5-0434ED62CF82}.RelWithDebInfo|x64.ActiveCfg = RelWithDebInfo|x64
		{7A8F46F8-C035-310D-B4D5-0434ED62CF82}.RelWithDebInfo|x64.Build.0 = RelWithDebInfo|x64
		{228C3EE6-CF8C-342A-928D-65015AF03939}.Debug|x64.ActiveCfg = Debug|x64
		{228C3EE6-CF8C-342A-928D-65015AF03939}.Debug|x64.Build.0 = Debug|x64
		{228C3EE6-CF8C-342A-928D-65015AF03939}.Release|x64.ActiveCfg = Release|x64
		{228C3EE6-CF8C-342A-928D-65015AF03939}.Release|x64.Build.0 = Release|x64
		{228C3EE6-CF8C-342A-928D-65015AF03939}.MinSizeRel|x64.ActiveCfg = MinSizeRel|x64
		{228C3EE6-CF8C-342A-928D-65015AF03939}.MinSizeRel|x64.Build.0 = MinSizeRel|x64
		{228C3EE6-CF8C-342A-928D-65015AF03939}.RelWithDebInfo|x64.ActiveCfg = RelWithDebInfo|x64
		{228C3EE6-CF8C-342A-928D-65015AF03939}.RelWithDebInfo|x64.Build.0 = RelWithDebInfo|x64
		{65493E81-CFA4-3AB1-8A14-09298A07A0D2}.Debug|x64.ActiveCfg = Debug|x64
		{65493E81-CFA4-3AB1-8A14-09298A07A0D2}.Debug|x64.Build.0 = Debug|x64
		{65493E81-CFA4-3AB1-8A14-09298A07A0D2}.Release|x64.ActiveCfg = Release|x64
		{65493E81-CFA4-3AB1-8A14-09298A07A0D2}.Release|x64.Build.0 = Release|x64
		{65493E81-CFA4-3AB1-8A14-09298A07A0D2}.MinSizeRel|x64.ActiveCfg = MinSizeRel|x64
		{65493E81-CFA4-3AB1-8A14-09298A07A0D2}.MinSizeRel|x64.Build.0 = MinSizeRel|x64
		{65493E81-CFA4-3AB1-8A14-09298A07A0D2}.RelWithDebInfo|x64.ActiveCfg = RelWithDebInfo|x64
		{65493E81-CFA4-3AB1-8A14-09298A07A0D2}.RelWithDebInfo|x64.Build.0 = RelWithDebInfo|x64
		{DBFC6758-6602-3998-B68F-AD9D475F0EED}.Debug|x64.ActiveCfg = Debug|x64
		{DBFC6758-6602-3998-B68F-AD9D475F0EED}.Debug|x64.Build.0 = Debug|x64
		{DBFC6758-6602-3998-B68F-AD9D475F0EED}.Release|x64.ActiveCfg = Release|x64
		{DBFC6758-6602-3998-B68F-AD9D475F0EED}.Release|x64.Build.0 = Release|x64
		{DBFC6758-6602-3998-B68F-AD9D475F0EED}.MinSizeRel|x64.ActiveCfg = MinSizeRel|x64
		{DBFC6758-6602-3998-B68F-AD9D475F0EED}.MinSizeRel|x64.Build.0 = MinSizeRel|x64
		{DBFC6758-6602-3998-B68F-AD9D475F0EED}.RelWithDebInfo|x64.ActiveCfg = RelWithDebInfo|x64
		{DBFC6758-6602-3998-B68F-AD9D475F0EED}.RelWithDebInfo|x64.Build.0 = RelWithDebInfo|x64
		{BAAED10E-D9E1-31F1-98D3-6C55ED156C54}.Debug|x64.ActiveCfg = Debug|x64
		{BAAED10E-D9E1-31F1-98D3-6C55ED156C54}.Debug|x64.Build.0 = Debug|x64
		{BAAED10E-D9E1-31F1-98D3-6C55ED156C54}.Release|x64.ActiveCfg = Release|x64
		{BAAED10E-D9E1-31F1-98D3-6C55ED156C54}.Release|x64.Build.0 = Release|x64
		{BAAED10E-D9E1-31F1-98D3-6C55ED156C54}.MinSizeRel|x64.ActiveCfg = MinSizeRel|x64
		{BAAED10E-D9E1-31F1-98D3-6C55ED156C54}.MinSizeRel|x64.Build.0 = MinSizeRel|x64
		{BAAED10E-D9E1-31F1-98D3-6C55ED156C54}.RelWithDebInfo|x64.ActiveCfg = RelWithDebInfo|x64
		{BAAED10E-D9E1-31F1-98D3-6C55ED156C54}.RelWithDebInfo|x64.Build.0 = RelWithDebInfo|x64
		{6E76BCCF-7942-3A1A-9B72-FD74801EFAEB}.Debug|x64.ActiveCfg = Debug|x64
		{6E76BCCF-7942-3A1A-9B72-FD74801EFAEB}.Debug|x64.Build.0 = Debug|x64
		{6E76BCCF-7942-3A1A-9B72-FD74801EFAEB}.Release|x64.ActiveCfg = Release|x64
		{6E76BCCF-7942-3A1A-9B72-FD74801EFAEB}.Release|x64.Build.0 = Release|x64
		{6E76BCCF-7942-3A1A-9B72-FD74801EFAEB}.MinSizeRel|x64.ActiveCfg = MinSizeRel|x64
		{6E76BCCF-7942-3A1A-9B72-FD74801EFAEB}.MinSizeRel|x64.Build.0 = MinSizeRel|x64
		{6E76BCCF-7942-3A1A-9B72-FD74801EFAEB}.RelWithDebInfo|x64.ActiveCfg = RelWithDebInfo|x64
		{6E76BCCF-7942-3A1A-9B72-FD74801EFAEB}.RelWithDebInfo|x64.Build.0 = RelWithDebInfo|x64
		{87417AE4-8AFA-34CF-95EB-EE462B023A50}.Debug|x64.ActiveCfg = Debug|x64
		{87417AE4-8AFA-34CF-95EB-EE462B023A50}.Debug|x64.Build.0 = Debug|x64
		{87417AE4-8AFA-34CF-95EB-EE462B023A50}.Release|x64.ActiveCfg = Release|x64
		{87417AE4-8AFA-34CF-95EB-EE462B023A50}.Release|x64.Build.0 = Release|x64
		{87417AE4-8AFA-34CF-95EB-EE462B023A50}.MinSizeRel|x64.ActiveCfg = MinSizeRel|x64
		{87417AE4-8AFA-34CF-95EB-EE462B023A50}.MinSizeRel|x64.Build.0 = MinSizeRel|x64
		{87417AE4-8AFA-34CF-95EB-EE462B023A50}.RelWithDebInfo|x64.ActiveCfg = RelWithDebInfo|x64
		{87417AE4-8AFA-34CF-95EB-EE462B023A50}.RelWithDebInfo|x64.Build.0 = RelWithDebInfo|x64
		{13A9D64A-FF27-3D35-80B1-9FA5D890EBF4}.Debug|x64.ActiveCfg = Debug|x64
		{13A9D64A-FF27-3D35-80B1-9FA5D890EBF4}.Debug|x64.Build.0 = Debug|x64
		{13A9D64A-FF27-3D35-80B1-9FA5D890EBF4}.Release|x64.ActiveCfg = Release|x64
		{13A9D64A-FF27-3D35-80B1-9FA5D890EBF4}.Release|x64.Build.0 = Release|x64
		{13A9D64A-FF27-3D35-80B1-9FA5D890EBF4}.MinSizeRel|x64.ActiveCfg = MinSizeRel|x64
		{13A9D64A-FF27-3D35-80B1-9FA5D890EBF4}.MinSizeRel|x64.Build.0 = MinSizeRel|x64
		{13A9D64A-FF27-3D35-80B1-9FA5D890EBF4}.RelWithDebInfo|x64.ActiveCfg = RelWithDebInfo|x64
		{13A9D64A-FF27-3D35-80B1-9FA5D890EBF4}.RelWithDebInfo|x64.Build.0 = RelWithDebInfo|x64
		{1CE8950F-B0F1-3255-AC5B-14945FE74133}.Debug|x64.ActiveCfg = Debug|x64
		{1CE8950F-B0F1-3255-AC5B-14945FE74133}.Debug|x64.Build.0 = Debug|x64
		{1CE8950F-B0F1-3255-AC5B-14945FE74133}.Release|x64.ActiveCfg = Release|x64
		{1CE8950F-B0F1-3255-AC5B-14945FE74133}.Release|x64.Build.0 = Release|x64
		{1CE8950F-B0F1-3255-AC5B-14945FE74133}.MinSizeRel|x64.ActiveCfg = MinSizeRel|x64
		{1CE8950F-B0F1-3255-AC5B-14945FE74133}.MinSizeRel|x64.Build.0 = MinSizeRel|x64
		{1CE8950F-B0F1-3255-AC5B-14945FE74133}.RelWithDebInfo|x64.ActiveCfg = RelWithDebInfo|x64
		{1CE8950F-B0F1-3255-AC5B-14945FE74133}.RelWithDebInfo|x64.Build.0 = RelWithDebInfo|x64
		{CFE3E25B-3C04-358F-903E-8E0EDF1636FE}.Debug|x64.ActiveCfg = Debug|x64
		{CFE3E25B-3C04-358F-903E-8E0EDF1636FE}.Debug|x64.Build.0 = Debug|x64
		{CFE3E25B-3C04-358F-903E-8E0EDF1636FE}.Release|x64.ActiveCfg = Release|x64
		{CFE3E25B-3C04-358F-903E-8E0EDF1636FE}.Release|x64.Build.0 = Release|x64
		{CFE3E25B-3C04-358F-903E-8E0EDF1636FE}.MinSizeRel|x64.ActiveCfg = MinSizeRel|x64
		{CFE3E25B-3C04-358F-903E-8E0EDF1636FE}.MinSizeRel|x64.Build.0 = MinSizeRel|x64
		{CFE3E25B-3C04-358F-903E-8E0EDF1636FE}.RelWithDebInfo|x64.ActiveCfg = RelWithDebInfo|x64
		{CFE3E25B-3C04-358F-903E-8E0EDF1636FE}.RelWithDebInfo|x64.Build.0 = RelWithDebInfo|x64
		{190C60CA-40AE-3C06-BEEE-F2EFC477A739}.Debug|x64.ActiveCfg = Debug|x64
		{190C60CA-40AE-3C06-BEEE-F2EFC477A739}.Debug|x64.Build.0 = Debug|x64
		{190C60CA-40AE-3C06-BEEE-F2EFC477A739}.Release|x64.ActiveCfg = Release|x64
		{190C60CA-40AE-3C06-BEEE-F2EFC477A739}.Release|x64.Build.0 = Release|x64
		{190C60CA-40AE-3C06-BEEE-F2EFC477A739}.MinSizeRel|x64.ActiveCfg = MinSizeRel|x64
		{190C60CA-40AE-3C06-BEEE-F2EFC477A739}.MinSizeRel|x64.Build.0 = MinSizeRel|x64
		{190C60CA-40AE-3C06-BEEE-F2EFC477A739}.RelWithDebInfo|x64.ActiveCfg = RelWithDebInfo|x64
		{190C60CA-40AE-3C06-BEEE-F2EFC477A739}.RelWithDebInfo|x64.Build.0 = RelWithDebInfo|x64
		{F6D2B5D4-C0D7-3C1C-8011-3AA8BECA0F51}.Debug|x64.ActiveCfg = Debug|x64
		{F6D2B5D4-C0D7-3C1C-8011-3AA8BECA0F51}.Debug|x64.Build.0 = Debug|x64
		{F6D2B5D4-C0D7-3C1C-8011-3AA8BECA0F51}.Release|x64.ActiveCfg = Release|x64
		{F6D2B5D4-C0D7-3C1C-8011-3AA8BECA0F51}.Release|x64.Build.0 = Release|x64
		{F6D2B5D4-C0D7-3C1C-8011-3AA8BECA0F51}.MinSizeRel|x64.ActiveCfg = MinSizeRel|x64
		{F6D2B5D4-C0D7-3C1C-8011-3AA8BECA0F51}.MinSizeRel|x64.Build.0 = MinSizeRel|x64
		{F6D2B5D4-C0D7-3C1C-8011-3AA8BECA0F51}.RelWithDebInfo|x64.ActiveCfg = RelWithDebInfo|x64
		{F6D2B5D4-C0D7-3C1C-8011-3AA8BECA0F51}.RelWithDebInfo|x64.Build.0 = RelWithDebInfo|x64
		{53A989A1-CAF8-33E9-9CD6-1A5BEDBA9A13}.Debug|x64.ActiveCfg = Debug|x64
		{53A989A1-CAF8-33E9-9CD6-1A5BEDBA9A13}.Debug|x64.Build.0 = Debug|x64
		{53A989A1-CAF8-33E9-9CD6-1A5BEDBA9A13}.Release|x64.ActiveCfg = Release|x64
		{53A989A1-CAF8-33E9-9CD6-1A5BEDBA9A13}.Release|x64.Build.0 = Release|x64
		{53A989A1-CAF8-33E9-9CD6-1A5BEDBA9A13}.MinSizeRel|x64.ActiveCfg = MinSizeRel|x64
		{53A989A1-CAF8-33E9-9CD6-1A5BEDBA9A13}.MinSizeRel|x64.Build.0 = MinSizeRel|x64
		{53A989A1-CAF8-33E9-9CD6-1A5BEDBA9A13}.RelWithDebInfo|x64.ActiveCfg = RelWithDebInfo|x64
		{53A989A1-CAF8-33E9-9CD6-1A5BEDBA9A13}.RelWithDebInfo|x64.Build.0 = RelWithDebInfo|x64
		{3181E655-87D2-3E80-A241-56CB171A1EAC}.Debug|x64.ActiveCfg = Debug|x64
		{3181E655-87D2-3E80-A241-56CB171A1EAC}.Debug|x64.Build.0 = Debug|x64
		{3181E655-87D2-3E80-A241-56CB171A1EAC}.Release|x64.ActiveCfg = Release|x64
		{3181E655-87D2-3E80-A241-56CB171A1EAC}.Release|x64.Build.0 = Release|x64
		{3181E655-87D2-3E80-A241-56CB171A1EAC}.MinSizeRel|x64.ActiveCfg = MinSizeRel|x64
		{3181E655-87D2-3E80-A241-56CB171A1EAC}.MinSizeRel|x64.Build.0 = MinSizeRel|x64
		{3181E655-87D2-3E80-A241-56CB171A1EAC}.RelWithDebInfo|x64.ActiveCfg = RelWithDebInfo|x64
		{3181E655-87D2-3E80-A241-56CB171A1EAC}.RelWithDebInfo|x64.Build.0 = RelWithDebInfo|x64
		{FF98DBFB-B7FA-3971-BE76-A3C82C18F322}.Debug|x64.ActiveCfg = Debug|x64
		{FF98DBFB-B7FA-3971-BE76-A3C82C18F322}.Debug|x64.Build.0 = Debug|x64
		{FF98DBFB-B7FA-3971-BE76-A3C82C18F322}.Release|x64.ActiveCfg = Release|x64
		{FF98DBFB-B7FA-3971-BE76-A3C82C18F322}.Release|x64.Build.0 = Release|x64
		{FF98DBFB-B7FA-3971-BE76-A3C82C18F322}.MinSizeRel|x64.ActiveCfg = MinSizeRel|x64
		{FF98DBFB-B7FA-3971-BE76-A3C82C18F322}.MinSizeRel|x64.Build.0 = MinSizeRel|x64
		{FF98DBFB-B7FA-3971-BE76-A3C82C18F322}.RelWithDebInfo|x64.ActiveCfg = RelWithDebInfo|x64
		{FF98DBFB-B7FA-3971-BE76-A3C82C18F322}.RelWithDebInfo|x64.Build.0 = RelWithDebInfo|x64
		{97C66F2B-979F-3AE6-8C6F-4A123576D009}.Debug|x64.ActiveCfg = Debug|x64
		{97C66F2B-979F-3AE6-8C6F-4A123576D009}.Debug|x64.Build.0 = Debug|x64
		{97C66F2B-979F-3AE6-8C6F-4A123576D009}.Release|x64.ActiveCfg = Release|x64
		{97C66F2B-979F-3AE6-8C6F-4A123576D009}.Release|x64.Build.0 = Release|x64
		{97C66F2B-979F-3AE6-8C6F-4A123576D009}.MinSizeRel|x64.ActiveCfg = MinSizeRel|x64
		{97C66F2B-979F-3AE6-8C6F-4A123576D009}.MinSizeRel|x64.Build.0 = MinSizeRel|x64
		{97C66F2B-979F-3AE6-8C6F-4A123576D009}.RelWithDebInfo|x64.ActiveCfg = RelWithDebInfo|x64
		{97C66F2B-979F-3AE6-8C6F-4A123576D009}.RelWithDebInfo|x64.Build.0 = RelWithDebInfo|x64
		{AF7FB54F-CFA2-3B1B-AFD6-FEC70DC3E6B1}.Debug|x64.ActiveCfg = Debug|x64
		{AF7FB54F-CFA2-3B1B-AFD6-FEC70DC3E6B1}.Debug|x64.Build.0 = Debug|x64
		{AF7FB54F-CFA2-3B1B-AFD6-FEC70DC3E6B1}.Release|x64.ActiveCfg = Release|x64
		{AF7FB54F-CFA2-3B1B-AFD6-FEC70DC3E6B1}.Release|x64.Build.0 = Release|x64
		{AF7FB54F-CFA2-3B1B-AFD6-FEC70DC3E6B1}.MinSizeRel|x64.ActiveCfg = MinSizeRel|x64
		{AF7FB54F-CFA2-3B1B-AFD6-FEC70DC3E6B1}.MinSizeRel|x64.Build.0 = MinSizeRel|x64
		{AF7FB54F-CFA2-3B1B-AFD6-FEC70DC3E6B1}.RelWithDebInfo|x64.ActiveCfg = RelWithDebInfo|x64
		{AF7FB54F-CFA2-3B1B-AFD6-FEC70DC3E6B1}.RelWithDebInfo|x64.Build.0 = RelWithDebInfo|x64
		{A934D9CE-580B-301D-8E10-0D85B5E0E5D6}.Debug|x64.ActiveCfg = Debug|x64
		{A934D9CE-580B-301D-8E10-0D85B5E0E5D6}.Debug|x64.Build.0 = Debug|x64
		{A934D9CE-580B-301D-8E10-0D85B5E0E5D6}.Release|x64.ActiveCfg = Release|x64
		{A934D9CE-580B-301D-8E10-0D85B5E0E5D6}.Release|x64.Build.0 = Release|x64
		{A934D9CE-580B-301D-8E10-0D85B5E0E5D6}.MinSizeRel|x64.ActiveCfg = MinSizeRel|x64
		{A934D9CE-580B-301D-8E10-0D85B5E0E5D6}.MinSizeRel|x64.Build.0 = MinSizeRel|x64
		{A934D9CE-580B-301D-8E10-0D85B5E0E5D6}.RelWithDebInfo|x64.ActiveCfg = RelWithDebInfo|x64
		{A934D9CE-580B-301D-8E10-0D85B5E0E5D6}.RelWithDebInfo|x64.Build.0 = RelWithDebInfo|x64
		{8535AC52-F1DE-3621-BC25-5B07B5519664}.Debug|x64.ActiveCfg = Debug|x64
		{8535AC52-F1DE-3621-BC25-5B07B5519664}.Debug|x64.Build.0 = Debug|x64
		{8535AC52-F1DE-3621-BC25-5B07B5519664}.Release|x64.ActiveCfg = Release|x64
		{8535AC52-F1DE-3621-BC25-5B07B5519664}.Release|x64.Build.0 = Release|x64
		{8535AC52-F1DE-3621-BC25-5B07B5519664}.MinSizeRel|x64.ActiveCfg = MinSizeRel|x64
		{8535AC52-F1DE-3621-BC25-5B07B5519664}.MinSizeRel|x64.Build.0 = MinSizeRel|x64
		{8535AC52-F1DE-3621-BC25-5B07B5519664}.RelWithDebInfo|x64.ActiveCfg = RelWithDebInfo|x64
		{8535AC52-F1DE-3621-BC25-5B07B5519664}.RelWithDebInfo|x64.Build.0 = RelWithDebInfo|x64
		{BED308C3-85B3-3DA6-A1BC-65B05B430ED5}.Debug|x64.ActiveCfg = Debug|x64
		{BED308C3-85B3-3DA6-A1BC-65B05B430ED5}.Debug|x64.Build.0 = Debug|x64
		{BED308C3-85B3-3DA6-A1BC-65B05B430ED5}.Release|x64.ActiveCfg = Release|x64
		{BED308C3-85B3-3DA6-A1BC-65B05B430ED5}.Release|x64.Build.0 = Release|x64
		{BED308C3-85B3-3DA6-A1BC-65B05B430ED5}.MinSizeRel|x64.ActiveCfg = MinSizeRel|x64
		{BED308C3-85B3-3DA6-A1BC-65B05B430ED5}.MinSizeRel|x64.Build.0 = MinSizeRel|x64
		{BED308C3-85B3-3DA6-A1BC-65B05B430ED5}.RelWithDebInfo|x64.ActiveCfg = RelWithDebInfo|x64
		{BED308C3-85B3-3DA6-A1BC-65B05B430ED5}.RelWithDebInfo|x64.Build.0 = RelWithDebInfo|x64
		{EE56A582-C315-3E5D-9389-764AC25F715E}.Debug|x64.ActiveCfg = Debug|x64
		{EE56A582-C315-3E5D-9389-764AC25F715E}.Debug|x64.Build.0 = Debug|x64
		{EE56A582-C315-3E5D-9389-764AC25F715E}.Release|x64.ActiveCfg = Release|x64
		{EE56A582-C315-3E5D-9389-764AC25F715E}.Release|x64.Build.0 = Release|x64
		{EE56A582-C315-3E5D-9389-764AC25F715E}.MinSizeRel|x64.ActiveCfg = MinSizeRel|x64
		{EE56A582-C315-3E5D-9389-764AC25F715E}.MinSizeRel|x64.Build.0 = MinSizeRel|x64
		{EE56A582-C315-3E5D-9389-764AC25F715E}.RelWithDebInfo|x64.ActiveCfg = RelWithDebInfo|x64
		{EE56A582-C315-3E5D-9389-764AC25F715E}.RelWithDebInfo|x64.Build.0 = RelWithDebInfo|x64
		{C17CA527-6762-3D9D-ABD2-848232FD8431}.Debug|x64.ActiveCfg = Debug|x64
		{C17CA527-6762-3D9D-ABD2-848232FD8431}.Debug|x64.Build.0 = Debug|x64
		{C17CA527-6762-3D9D-ABD2-848232FD8431}.Release|x64.ActiveCfg = Release|x64
		{C17CA527-6762-3D9D-ABD2-848232FD8431}.Release|x64.Build.0 = Release|x64
		{C17CA527-6762-3D9D-ABD2-848232FD8431}.MinSizeRel|x64.ActiveCfg = MinSizeRel|x64
		{C17CA527-6762-3D9D-ABD2-848232FD8431}.MinSizeRel|x64.Build.0 = MinSizeRel|x64
		{C17CA527-6762-3D9D-ABD2-848232FD8431}.RelWithDebInfo|x64.ActiveCfg = RelWithDebInfo|x64
		{C17CA527-6762-3D9D-ABD2-848232FD8431}.RelWithDebInfo|x64.Build.0 = RelWithDebInfo|x64
	EndGlobalSection
	GlobalSection(NestedProjects) = preSolution
		{6A97AE66-E53B-3D67-B127-9F0AF17D9CAF} = {B03950EA-BF2A-31F7-B3CD-9597F77519A1}
		{6AF6E0AE-10D2-3366-82CA-29A06358A7AE} = {B03950EA-BF2A-31F7-B3CD-9597F77519A1}
		{0BDDE0D8-F3D9-3E9B-8635-15647FF92A48} = {B03950EA-BF2A-31F7-B3CD-9597F77519A1}
		{1243194B-D20B-3FFC-8D22-84D2BFA3D60D} = {B03950EA-BF2A-31F7-B3CD-9597F77519A1}
		{B12D7B58-E372-376C-BE96-97EBCA8CEE69} = {B03950EA-BF2A-31F7-B3CD-9597F77519A1}
	EndGlobalSection
	GlobalSection(ExtensibilityGlobals) = postSolution
		SolutionGuid = {E514D0AD-DBB0-388B-9B3B-215EEB5880ED}
	EndGlobalSection
	GlobalSection(ExtensibilityAddIns) = postSolution
	EndGlobalSection
EndGlobal
