<?xml version="1.0" encoding="utf-8"?>
<Project ToolsVersion="17.0" xmlns="http://schemas.microsoft.com/developer/msbuild/2003">
  <ItemGroup>
    <CustomBuild Include="C:\Users\airhood\source\repos\CubicEngine\CubicEngine\Dependencies\fmt\build-debug\CMakeFiles\994624ef12e0fbf9bd5cfa5f11c2a0a3\PACKAGE_force.rule">
      <Filter>CMake Rules</Filter>
    </CustomBuild>
  </ItemGroup>
  <ItemGroup>
    <Filter Include="CMake Rules">
      <UniqueIdentifier>{A8170516-6528-3D4C-84C1-D5871D8258AF}</UniqueIdentifier>
    </Filter>
  </ItemGroup>
</Project>
